
Microsoft Visual Studio Solution File, Format Version 12.00
# Visual Studio Version 17
VisualStudioVersion = 17.2.32630.192
MinimumVisualStudioVersion = 10.0.40219.1
Project("{FAE04EC0-301F-11D3-BF4B-00C04F79EFBC}") = "API_ShopingClose", "API_ShopingClose\API_ShopingClose.csproj", "{D9ACFD8A-2626-4817-9826-32CBD04068A7}"
EndProject
Global
	GlobalSection(SolutionConfigurationPlatforms) = preSolution
		Debug|Any CPU = Debug|Any CPU
		Release|Any CPU = Release|Any CPU
	EndGlobalSection
	GlobalSection(ProjectConfigurationPlatforms) = postSolution
		{D9ACFD8A-2626-4817-9826-32CBD04068A7}.Debug|Any CPU.ActiveCfg = Debug|Any CPU
		{D9ACFD8A-2626-4817-9826-32CBD04068A7}.Debug|Any CPU.Build.0 = Debug|Any CPU
		{D9ACFD8A-2626-4817-9826-32CBD04068A7}.Release|Any CPU.ActiveCfg = Release|Any CPU
		{D9ACFD8A-2626-4817-9826-32CBD04068A7}.Release|Any CPU.Build.0 = Release|Any CPU
	EndGlobalSection
	GlobalSection(SolutionProperties) = preSolution
		HideSolutionNode = FALSE
	EndGlobalSection
	GlobalSection(ExtensibilityGlobals) = postSolution
		SolutionGuid = {6A859FD7-4F4B-4E53-9FA0-645E5AC94A58}
	EndGlobalSection
EndGlobal
